// !$*UTF8*$!
{
	archiveVersion = 1;
	classes = {
	};
	objectVersion = 77;
	objects = {

/* Begin PBXContainerItemProxy section */
		9B51DCBF2D4334410081A29A /* PBXContainerItemProxy */ = {
			isa = PBXContainerItemProxy;
			containerPortal = 9B51DCA02D4334400081A29A /* Project object */;
			proxyType = 1;
			remoteGlobalIDString = 9B51DCA72D4334400081A29A;
			remoteInfo = "Uvais' iOS app";
		};
		9B51DCC92D4334410081A29A /* PBXContainerItemProxy */ = {
			isa = PBXContainerItemProxy;
			containerPortal = 9B51DCA02D4334400081A29A /* Project object */;
			proxyType = 1;
			remoteGlobalIDString = 9B51DCA72D4334400081A29A;
			remoteInfo = "Uvais' iOS app";
		};
/* End PBXContainerItemProxy section */

/* Begin PBXFileReference section */
		9B51DCA82D4334400081A29A /* Uvais' iOS app.app */ = {isa = PBXFileReference; explicitFileType = wrapper.application; includeInIndex = 0; path = "Uvais' iOS app.app"; sourceTree = BUILT_PRODUCTS_DIR; };
		9B51DCBE2D4334410081A29A /* Uvais' iOS appTests.xctest */ = {isa = PBXFileReference; explicitFileType = wrapper.cfbundle; includeInIndex = 0; path = "Uvais' iOS appTests.xctest"; sourceTree = BUILT_PRODUCTS_DIR; };
		9B51DCC82D4334410081A29A /* Uvais' iOS appUITests.xctest */ = {isa = PBXFileReference; explicitFileType = wrapper.cfbundle; includeInIndex = 0; path = "Uvais' iOS appUITests.xctest"; sourceTree = BUILT_PRODUCTS_DIR; };
/* End PBXFileReference section */

/* Begin PBXFileSystemSynchronizedBuildFileExceptionSet section */
		9B51DCD02D4334410081A29A /* Exceptions for "Uvais' iOS app" folder in "Uvais' iOS app" target */ = {
			isa = PBXFileSystemSynchronizedBuildFileExceptionSet;
			membershipExceptions = (
				Info.plist,
			);
			target = 9B51DCA72D4334400081A29A /* Uvais' iOS app */;
		};
/* End PBXFileSystemSynchronizedBuildFileExceptionSet section */

/* Begin PBXFileSystemSynchronizedRootGroup section */
		9B51DCAA2D4334400081A29A /* Uvais' iOS app */ = {
			isa = PBXFileSystemSynchronizedRootGroup;
			exceptions = (
				9B51DCD02D4334410081A29A /* Exceptions for "Uvais' iOS app" folder in "Uvais' iOS app" target */,
			);
			path = "Uvais' iOS app";
			sourceTree = "<group>";
		};
		9B51DCC12D4334410081A29A /* Uvais' iOS appTests */ = {
			isa = PBXFileSystemSynchronizedRootGroup;
			path = "Uvais' iOS appTests";
			sourceTree = "<group>";
		};
		9B51DCCB2D4334410081A29A /* Uvais' iOS appUITests */ = {
			isa = PBXFileSystemSynchronizedRootGroup;
			path = "Uvais' iOS appUITests";
			sourceTree = "<group>";
		};
/* End PBXFileSystemSynchronizedRootGroup section */

/* Begin PBXFrameworksBuildPhase section */
		9B51DCA52D4334400081A29A /* Frameworks */ = {
			isa = PBXFrameworksBuildPhase;
			buildActionMask = 2147483647;
			files = (
			);
			runOnlyForDeploymentPostprocessing = 0;
		};
		9B51DCBB2D4334410081A29A /* Frameworks */ = {
			isa = PBXFrameworksBuildPhase;
			buildActionMask = 2147483647;
			files = (
			);
			runOnlyForDeploymentPostprocessing = 0;
		};
		9B51DCC52D4334410081A29A /* Frameworks */ = {
			isa = PBXFrameworksBuildPhase;
			buildActionMask = 2147483647;
			files = (
			);
			runOnlyForDeploymentPostprocessing = 0;
		};
/* End PBXFrameworksBuildPhase section */

/* Begin PBXGroup section */
		9B51DC9F2D4334400081A29A = {
			isa = PBXGroup;
			children = (
				9B51DCAA2D4334400081A29A /* Uvais' iOS app */,
				9B51DCC12D4334410081A29A /* Uvais' iOS appTests */,
				9B51DCCB2D4334410081A29A /* Uvais' iOS appUITests */,
				9B51DCA92D4334400081A29A /* Products */,
			);
			sourceTree = "<group>";
		};
		9B51DCA92D4334400081A29A /* Products */ = {
			isa = PBXGroup;
			children = (
				9B51DCA82D4334400081A29A /* Uvais' iOS app.app */,
				9B51DCBE2D4334410081A29A /* Uvais' iOS appTests.xctest */,
				9B51DCC82D4334410081A29A /* Uvais' iOS appUITests.xctest */,
			);
			name = Products;
			sourceTree = "<group>";
		};
/* End PBXGroup section */

/* Begin PBXNativeTarget section */
		9B51DCA72D4334400081A29A /* Uvais' iOS app */ = {
			isa = PBXNativeTarget;
			buildConfigurationList = 9B51DCD12D4334410081A29A /* Build configuration list for PBXNativeTarget "Uvais' iOS app" */;
			buildPhases = (
				9B51DCA42D4334400081A29A /* Sources */,
				9B51DCA52D4334400081A29A /* Frameworks */,
				9B51DCA62D4334400081A29A /* Resources */,
			);
			buildRules = (
			);
			dependencies = (
			);
			fileSystemSynchronizedGroups = (
				9B51DCAA2D4334400081A29A /* Uvais' iOS app */,
			);
			name = "Uvais' iOS app";
			packageProductDependencies = (
			);
			productName = "Uvais' iOS app";
			productReference = 9B51DCA82D4334400081A29A /* Uvais' iOS app.app */;
			productType = "com.apple.product-type.application";
		};
		9B51DCBD2D4334410081A29A /* Uvais' iOS appTests */ = {
			isa = PBXNativeTarget;
			buildConfigurationList = 9B51DCD62D4334410081A29A /* Build configuration list for PBXNativeTarget "Uvais' iOS appTests" */;
			buildPhases = (
				9B51DCBA2D4334410081A29A /* Sources */,
				9B51DCBB2D4334410081A29A /* Frameworks */,
				9B51DCBC2D4334410081A29A /* Resources */,
			);
			buildRules = (
			);
			dependencies = (
				9B51DCC02D4334410081A29A /* PBXTargetDependency */,
			);
			fileSystemSynchronizedGroups = (
				9B51DCC12D4334410081A29A /* Uvais' iOS appTests */,
			);
			name = "Uvais' iOS appTests";
			packageProductDependencies = (
			);
			productName = "Uvais' iOS appTests";
			productReference = 9B51DCBE2D4334410081A29A /* Uvais' iOS appTests.xctest */;
			productType = "com.apple.product-type.bundle.unit-test";
		};
		9B51DCC72D4334410081A29A /* Uvais' iOS appUITests */ = {
			isa = PBXNativeTarget;
			buildConfigurationList = 9B51DCD92D4334410081A29A /* Build configuration list for PBXNativeTarget "Uvais' iOS appUITests" */;
			buildPhases = (
				9B51DCC42D4334410081A29A /* Sources */,
				9B51DCC52D4334410081A29A /* Frameworks */,
				9B51DCC62D4334410081A29A /* Resources */,
			);
			buildRules = (
			);
			dependencies = (
				9B51DCCA2D4334410081A29A /* PBXTargetDependency */,
			);
			fileSystemSynchronizedGroups = (
				9B51DCCB2D4334410081A29A /* Uvais' iOS appUITests */,
			);
			name = "Uvais' iOS appUITests";
			packageProductDependencies = (
			);
			productName = "Uvais' iOS appUITests";
			productReference = 9B51DCC82D4334410081A29A /* Uvais' iOS appUITests.xctest */;
			productType = "com.apple.product-type.bundle.ui-testing";
		};
/* End PBXNativeTarget section */

/* Begin PBXProject section */
		9B51DCA02D4334400081A29A /* Project object */ = {
			isa = PBXProject;
			attributes = {
				BuildIndependentTargetsInParallel = 1;
				LastSwiftUpdateCheck = 1620;
				LastUpgradeCheck = 1620;
				TargetAttributes = {
					9B51DCA72D4334400081A29A = {
						CreatedOnToolsVersion = 16.2;
					};
					9B51DCBD2D4334410081A29A = {
						CreatedOnToolsVersion = 16.2;
						TestTargetID = 9B51DCA72D4334400081A29A;
					};
					9B51DCC72D4334410081A29A = {
						CreatedOnToolsVersion = 16.2;
						TestTargetID = 9B51DCA72D4334400081A29A;
					};
				};
			};
			buildConfigurationList = 9B51DCA32D4334400081A29A /* Build configuration list for PBXProject "Uvais' iOS app" */;
			developmentRegion = en;
			hasScannedForEncodings = 0;
			knownRegions = (
				en,
				Base,
			);
			mainGroup = 9B51DC9F2D4334400081A29A;
			minimizedProjectReferenceProxies = 1;
			preferredProjectObjectVersion = 77;
			productRefGroup = 9B51DCA92D4334400081A29A /* Products */;
			projectDirPath = "";
			projectRoot = "";
			targets = (
				9B51DCA72D4334400081A29A /* Uvais' iOS app */,
				9B51DCBD2D4334410081A29A /* Uvais' iOS appTests */,
				9B51DCC72D4334410081A29A /* Uvais' iOS appUITests */,
			);
		};
/* End PBXProject section */

/* Begin PBXResourcesBuildPhase section */
		9B51DCA62D4334400081A29A /* Resources */ = {
			isa = PBXResourcesBuildPhase;
			buildActionMask = 2147483647;
			files = (
			);
			runOnlyForDeploymentPostprocessing = 0;
		};
		9B51DCBC2D4334410081A29A /* Resources */ = {
			isa = PBXResourcesBuildPhase;
			buildActionMask = 2147483647;
			files = (
			);
			runOnlyForDeploymentPostprocessing = 0;
		};
		9B51DCC62D4334410081A29A /* Resources */ = {
			isa = PBXResourcesBuildPhase;
			buildActionMask = 2147483647;
			files = (
			);
			runOnlyForDeploymentPostprocessing = 0;
		};
/* End PBXResourcesBuildPhase section */

/* Begin PBXSourcesBuildPhase section */
		9B51DCA42D4334400081A29A /* Sources */ = {
			isa = PBXSourcesBuildPhase;
			buildActionMask = 2147483647;
			files = (
			);
			runOnlyForDeploymentPostprocessing = 0;
		};
		9B51DCBA2D4334410081A29A /* Sources */ = {
			isa = PBXSourcesBuildPhase;
			buildActionMask = 2147483647;
			files = (
			);
			runOnlyForDeploymentPostprocessing = 0;
		};
		9B51DCC42D4334410081A29A /* Sources */ = {
			isa = PBXSourcesBuildPhase;
			buildActionMask = 2147483647;
			files = (
			);
			runOnlyForDeploymentPostprocessing = 0;
		};
/* End PBXSourcesBuildPhase section */

/* Begin PBXTargetDependency section */
		9B51DCC02D4334410081A29A /* PBXTargetDependency */ = {
			isa = PBXTargetDependency;
			target = 9B51DCA72D4334400081A29A /* Uvais' iOS app */;
			targetProxy = 9B51DCBF2D4334410081A29A /* PBXContainerItemProxy */;
		};
		9B51DCCA2D4334410081A29A /* PBXTargetDependency */ = {
			isa = PBXTargetDependency;
			target = 9B51DCA72D4334400081A29A /* Uvais' iOS app */;
			targetProxy = 9B51DCC92D4334410081A29A /* PBXContainerItemProxy */;
		};
/* End PBXTargetDependency section */

/* Begin XCBuildConfiguration section */
		9B51DCD22D4334410081A29A /* Debug */ = {
			isa = XCBuildConfiguration;
			buildSettings = {
				ASSETCATALOG_COMPILER_APPICON_NAME = AppIcon;
				ASSETCATALOG_COMPILER_GLOBAL_ACCENT_COLOR_NAME = AccentColor;
				CODE_SIGN_STYLE = Automatic;
				CURRENT_PROJECT_VERSION = 1;
				GENERATE_INFOPLIST_FILE = YES;
				INFOPLIST_FILE = "Uvais' iOS app/Info.plist";
				INFOPLIST_KEY_UIApplicationSupportsIndirectInputEvents = YES;
				INFOPLIST_KEY_UILaunchStoryboardName = LaunchScreen;
				INFOPLIST_KEY_UIMainStoryboardFile = Main;
				INFOPLIST_KEY_UISupportedInterfaceOrientations_iPad = "UIInterfaceOrientationPortrait UIInterfaceOrientationPortraitUpsideDown UIInterfaceOrientationLandscapeLeft UIInterfaceOrientationLandscapeRight";
				INFOPLIST_KEY_UISupportedInterfaceOrientations_iPhone = "UIInterfaceOrientationPortrait UIInterfaceOrientationLandscapeLeft UIInterfaceOrientationLandscapeRight";
				LD_RUNPATH_SEARCH_PATHS = (
					"$(inherited)",
					"@executable_path/Frameworks",
				);
				MARKETING_VERSION = 1.0;
				PRODUCT_BUNDLE_IDENTIFIER = "codepath.Uvais--iOS-app";
				PRODUCT_NAME = "$(TARGET_NAME)";
				SWIFT_EMIT_LOC_STRINGS = YES;
				SWIFT_VERSION = 5.0;
				TARGETED_DEVICE_FAMILY = "1,2";
			};
			name = Debug;
		};
		9B51DCD32D4334410081A29A /* Release */ = {
			isa = XCBuildConfiguration;
			buildSettings = {
				ASSETCATALOG_COMPILER_APPICON_NAME = AppIcon;
				ASSETCATALOG_COMPILER_GLOBAL_ACCENT_COLOR_NAME = AccentColor;
				CODE_SIGN_STYLE = Automatic;
				CURRENT_PROJECT_VERSION = 1;
				GENERATE_INFOPLIST_FILE = YES;
				INFOPLIST_FILE = "Uvais' iOS app/Info.plist";
				INFOPLIST_KEY_UIApplicationSupportsIndirectInputEvents = YES;
				INFOPLIST_KEY_UILaunchStoryboardName = LaunchScreen;
				INFOPLIST_KEY_UIMainStoryboardFile = Main;
				INFOPLIST_KEY_UISupportedInterfaceOrientations_iPad = "UIInterfaceOrientationPortrait UIInterfaceOrientationPortraitUpsideDown UIInterfaceOrientationLandscapeLeft UIInterfaceOrientationLandscapeRight";
				INFOPLIST_KEY_UISupportedInterfaceOrientations_iPhone = "UIInterfaceOrientationPortrait UIInterfaceOrientationLandscapeLeft UIInterfaceOrientationLandscapeRight";
				LD_RUNPATH_SEARCH_PATHS = (
					"$(inherited)",
					"@executable_path/Frameworks",
				);
				MARKETING_VERSION = 1.0;
				PRODUCT_BUNDLE_IDENTIFIER = "codepath.Uvais--iOS-app";
				PRODUCT_NAME = "$(TARGET_NAME)";
				SWIFT_EMIT_LOC_STRINGS = YES;
				SWIFT_VERSION = 5.0;
				TARGETED_DEVICE_FAMILY = "1,2";
			};
			name = Release;
		};
		9B51DCD42D4334410081A29A /* Debug */ = {
			isa = XCBuildConfiguration;
			buildSettings = {
				ALWAYS_SEARCH_USER_PATHS = NO;
				ASSETCATALOG_COMPILER_GENERATE_SWIFT_ASSET_SYMBOL_EXTENSIONS = YES;
				CLANG_ANALYZER_NONNULL = YES;
				CLANG_ANALYZER_NUMBER_OBJECT_CONVERSION = YES_AGGRESSIVE;
				CLANG_CXX_LANGUAGE_STANDARD = "gnu++20";
				CLANG_ENABLE_MODULES = YES;
				CLANG_ENABLE_OBJC_ARC = YES;
				CLANG_ENABLE_OBJC_WEAK = YES;
				CLANG_WARN_BLOCK_CAPTURE_AUTORELEASING = YES;
				CLANG_WARN_BOOL_CONVERSION = YES;
				CLANG_WARN_COMMA = YES;
				CLANG_WARN_CONSTANT_CONVERSION = YES;
				CLANG_WARN_DEPRECATED_OBJC_IMPLEMENTATIONS = YES;
				CLANG_WARN_DIRECT_OBJC_ISA_USAGE = YES_ERROR;
				CLANG_WARN_DOCUMENTATION_COMMENTS = YES;
				CLANG_WARN_EMPTY_BODY = YES;
				CLANG_WARN_ENUM_CONVERSION = YES;
				CLANG_WARN_INFINITE_RECURSION = YES;
				CLANG_WARN_INT_CONVERSION = YES;
				CLANG_WARN_NON_LITERAL_NULL_CONVERSION = YES;
				CLANG_WARN_OBJC_IMPLICIT_RETAIN_SELF = YES;
				CLANG_WARN_OBJC_LITERAL_CONVERSION = YES;
				CLANG_WARN_OBJC_ROOT_CLASS = YES_ERROR;
				CLANG_WARN_QUOTED_INCLUDE_IN_FRAMEWORK_HEADER = YES;
				CLANG_WARN_RANGE_LOOP_ANALYSIS = YES;
				CLANG_WARN_STRICT_PROTOTYPES = YES;
				CLANG_WARN_SUSPICIOUS_MOVE = YES;
				CLANG_WARN_UNGUARDED_AVAILABILITY = YES_AGGRESSIVE;
				CLANG_WARN_UNREACHABLE_CODE = YES;
				CLANG_WARN__DUPLICATE_METHOD_MATCH = YES;
				COPY_PHASE_STRIP = NO;
				DEBUG_INFORMATION_FORMAT = dwarf;
				ENABLE_STRICT_OBJC_MSGSEND = YES;
				ENABLE_TESTABILITY = YES;
				ENABLE_USER_SCRIPT_SANDBOXING = YES;
				GCC_C_LANGUAGE_STANDARD = gnu17;
				GCC_DYNAMIC_NO_PIC = NO;
				GCC_NO_COMMON_BLOCKS = YES;
				GCC_OPTIMIZATION_LEVEL = 0;
				GCC_PREPROCESSOR_DEFINITIONS = (
					"DEBUG=1",
					"$(inherited)",
				);
				GCC_WARN_64_TO_32_BIT_CONVERSION = YES;
				GCC_WARN_ABOUT_RETURN_TYPE = YES_ERROR;
				GCC_WARN_UNDECLARED_SELECTOR = YES;
				GCC_WARN_UNINITIALIZED_AUTOS = YES_AGGRESSIVE;
				GCC_WARN_UNUSED_FUNCTION = YES;
				GCC_WARN_UNUSED_VARIABLE = YES;
				IPHONEOS_DEPLOYMENT_TARGET = 18.2;
				LOCALIZATION_PREFERS_STRING_CATALOGS = YES;
				MTL_ENABLE_DEBUG_INFO = INCLUDE_SOURCE;
				MTL_FAST_MATH = YES;
				ONLY_ACTIVE_ARCH = YES;
				SDKROOT = iphoneos;
				SWIFT_ACTIVE_COMPILATION_CONDITIONS = "DEBUG $(inherited)";
				SWIFT_OPTIMIZATION_LEVEL = "-Onone";
			};
			name = Debug;
		};
		9B51DCD52D4334410081A29A /* Release */ = {
			isa = XCBuildConfiguration;
			buildSettings = {
				ALWAYS_SEARCH_USER_PATHS = NO;
				ASSETCATALOG_COMPILER_GENERATE_SWIFT_ASSET_SYMBOL_EXTENSIONS = YES;
				CLANG_ANALYZER_NONNULL = YES;
				CLANG_ANALYZER_NUMBER_OBJECT_CONVERSION = YES_AGGRESSIVE;
				CLANG_CXX_LANGUAGE_STANDARD = "gnu++20";
				CLANG_ENABLE_MODULES = YES;
				CLANG_ENABLE_OBJC_ARC = YES;
				CLANG_ENABLE_OBJC_WEAK = YES;
				CLANG_WARN_BLOCK_CAPTURE_AUTORELEASING = YES;
				CLANG_WARN_BOOL_CONVERSION = YES;
				CLANG_WARN_COMMA = YES;
				CLANG_WARN_CONSTANT_CONVERSION = YES;
				CLANG_WARN_DEPRECATED_OBJC_IMPLEMENTATIONS = YES;
				CLANG_WARN_DIRECT_OBJC_ISA_USAGE = YES_ERROR;
				CLANG_WARN_DOCUMENTATION_COMMENTS = YES;
				CLANG_WARN_EMPTY_BODY = YES;
				CLANG_WARN_ENUM_CONVERSION = YES;
				CLANG_WARN_INFINITE_RECURSION = YES;
				CLANG_WARN_INT_CONVERSION = YES;
				CLANG_WARN_NON_LITERAL_NULL_CONVERSION = YES;
				CLANG_WARN_OBJC_IMPLICIT_RETAIN_SELF = YES;
				CLANG_WARN_OBJC_LITERAL_CONVERSION = YES;
				CLANG_WARN_OBJC_ROOT_CLASS = YES_ERROR;
				CLANG_WARN_QUOTED_INCLUDE_IN_FRAMEWORK_HEADER = YES;
				CLANG_WARN_RANGE_LOOP_ANALYSIS = YES;
				CLANG_WARN_STRICT_PROTOTYPES = YES;
				CLANG_WARN_SUSPICIOUS_MOVE = YES;
				CLANG_WARN_UNGUARDED_AVAILABILITY = YES_AGGRESSIVE;
				CLANG_WARN_UNREACHABLE_CODE = YES;
				CLANG_WARN__DUPLICATE_METHOD_MATCH = YES;
				COPY_PHASE_STRIP = NO;
				DEBUG_INFORMATION_FORMAT = "dwarf-with-dsym";
				ENABLE_NS_ASSERTIONS = NO;
				ENABLE_STRICT_OBJC_MSGSEND = YES;
				ENABLE_USER_SCRIPT_SANDBOXING = YES;
				GCC_C_LANGUAGE_STANDARD = gnu17;
				GCC_NO_COMMON_BLOCKS = YES;
				GCC_WARN_64_TO_32_BIT_CONVERSION = YES;
				GCC_WARN_ABOUT_RETURN_TYPE = YES_ERROR;
				GCC_WARN_UNDECLARED_SELECTOR = YES;
				GCC_WARN_UNINITIALIZED_AUTOS = YES_AGGRESSIVE;
				GCC_WARN_UNUSED_FUNCTION = YES;
				GCC_WARN_UNUSED_VARIABLE = YES;
				IPHONEOS_DEPLOYMENT_TARGET = 18.2;
				LOCALIZATION_PREFERS_STRING_CATALOGS = YES;
				MTL_ENABLE_DEBUG_INFO = NO;
				MTL_FAST_MATH = YES;
				SDKROOT = iphoneos;
				SWIFT_COMPILATION_MODE = wholemodule;
				VALIDATE_PRODUCT = YES;
			};
			name = Release;
		};
		9B51DCD72D4334410081A29A /* Debug */ = {
			isa = XCBuildConfiguration;
			buildSettings = {
				BUNDLE_LOADER = "$(TEST_HOST)";
				CODE_SIGN_STYLE = Automatic;
				CURRENT_PROJECT_VERSION = 1;
				GENERATE_INFOPLIST_FILE = YES;
				IPHONEOS_DEPLOYMENT_TARGET = 18.2;
				MARKETING_VERSION = 1.0;
				PRODUCT_BUNDLE_IDENTIFIER = "codepath.Uvais--iOS-appTests";
				PRODUCT_NAME = "$(TARGET_NAME)";
				SWIFT_EMIT_LOC_STRINGS = NO;
				SWIFT_VERSION = 5.0;
				TARGETED_DEVICE_FAMILY = "1,2";
				TEST_HOST = "$(BUILT_PRODUCTS_DIR)/Uvais' iOS app.app/$(BUNDLE_EXECUTABLE_FOLDER_PATH)/Uvais' iOS app";
			};
			name = Debug;
		};
		9B51DCD82D4334410081A29A /* Release */ = {
			isa = XCBuildConfiguration;
			buildSettings = {
				BUNDLE_LOADER = "$(TEST_HOST)";
				CODE_SIGN_STYLE = Automatic;
				CURRENT_PROJECT_VERSION = 1;
				GENERATE_INFOPLIST_FILE = YES;
				IPHONEOS_DEPLOYMENT_TARGET = 18.2;
				MARKETING_VERSION = 1.0;
				PRODUCT_BUNDLE_IDENTIFIER = "codepath.Uvais--iOS-appTests";
				PRODUCT_NAME = "$(TARGET_NAME)";
				SWIFT_EMIT_LOC_STRINGS = NO;
				SWIFT_VERSION = 5.0;
				TARGETED_DEVICE_FAMILY = "1,2";
				TEST_HOST = "$(BUILT_PRODUCTS_DIR)/Uvais' iOS app.app/$(BUNDLE_EXECUTABLE_FOLDER_PATH)/Uvais' iOS app";
			};
			name = Release;
		};
		9B51DCDA2D4334410081A29A /* Debug */ = {
			isa = XCBuildConfiguration;
			buildSettings = {
				CODE_SIGN_STYLE = Automatic;
				CURRENT_PROJECT_VERSION = 1;
				GENERATE_INFOPLIST_FILE = YES;
				MARKETING_VERSION = 1.0;
				PRODUCT_BUNDLE_IDENTIFIER = "codepath.Uvais--iOS-appUITests";
				PRODUCT_NAME = "$(TARGET_NAME)";
				SWIFT_EMIT_LOC_STRINGS = NO;
				SWIFT_VERSION = 5.0;
				TARGETED_DEVICE_FAMILY = "1,2";
				TEST_TARGET_NAME = "Uvais' iOS app";
			};
			name = Debug;
		};
		9B51DCDB2D4334410081A29A /* Release */ = {
			isa = XCBuildConfiguration;
			buildSettings = {
				CODE_SIGN_STYLE = Automatic;
				CURRENT_PROJECT_VERSION = 1;
				GENERATE_INFOPLIST_FILE = YES;
				MARKETING_VERSION = 1.0;
				PRODUCT_BUNDLE_IDENTIFIER = "codepath.Uvais--iOS-appUITests";
				PRODUCT_NAME = "$(TARGET_NAME)";
				SWIFT_EMIT_LOC_STRINGS = NO;
				SWIFT_VERSION = 5.0;
				TARGETED_DEVICE_FAMILY = "1,2";
				TEST_TARGET_NAME = "Uvais' iOS app";
			};
			name = Release;
		};
/* End XCBuildConfiguration section */

/* Begin XCConfigurationList section */
		9B51DCA32D4334400081A29A /* Build configuration list for PBXProject "Uvais' iOS app" */ = {
			isa = XCConfigurationList;
			buildConfigurations = (
				9B51DCD42D4334410081A29A /* Debug */,
				9B51DCD52D4334410081A29A /* Release */,
			);
			defaultConfigurationIsVisible = 0;
			defaultConfigurationName = Release;
		};
		9B51DCD12D4334410081A29A /* Build configuration list for PBXNativeTarget "Uvais' iOS app" */ = {
			isa = XCConfigurationList;
			buildConfigurations = (
				9B51DCD22D4334410081A29A /* Debug */,
				9B51DCD32D4334410081A29A /* Release */,
			);
			defaultConfigurationIsVisible = 0;
			defaultConfigurationName = Release;
		};
		9B51DCD62D4334410081A29A /* Build configuration list for PBXNativeTarget "Uvais' iOS appTests" */ = {
			isa = XCConfigurationList;
			buildConfigurations = (
				9B51DCD72D4334410081A29A /* Debug */,
				9B51DCD82D4334410081A29A /* Release */,
			);
			defaultConfigurationIsVisible = 0;
			defaultConfigurationName = Release;
		};
		9B51DCD92D4334410081A29A /* Build configuration list for PBXNativeTarget "Uvais' iOS appUITests" */ = {
			isa = XCConfigurationList;
			buildConfigurations = (
				9B51DCDA2D4334410081A29A /* Debug */,
				9B51DCDB2D4334410081A29A /* Release */,
			);
			defaultConfigurationIsVisible = 0;
			defaultConfigurationName = Release;
		};
/* End XCConfigurationList section */
	};
	rootObject = 9B51DCA02D4334400081A29A /* Project object */;
}
